
Microsoft Visual Studio Solution File, Format Version 12.00
# Visual Studio Version 17
VisualStudioVersion = 17.1.31903.286
MinimumVisualStudioVersion = 10.0.40219.1
Project("{9A19103F-16F7-4668-BE54-9A1E7A4F7556}") = "KliensSzerver_orvos", "KliensSzerver_orvos\KliensSzerver_orvos.csproj", "{C527D141-E9E1-46F5-83DA-A85BBA5BC8EC}"
EndProject
Project("{9A19103F-16F7-4668-BE54-9A1E7A4F7556}") = "KliensSzerver_orvos.Tests", "KliensSzerver_orvos.Tests\KliensSzerver_orvos.Tests.csproj", "{42164BBD-514E-461D-98AD-3DC8854073D5}"
	ProjectSection(ProjectDependencies) = postProject
		{864DD03E-668F-405B-85AB-B44A40F5C855} = {864DD03E-668F-405B-85AB-B44A40F5C855}
	EndProjectSection
EndProject
Project("{9A19103F-16F7-4668-BE54-9A1E7A4F7556}") = "Asszisztens_kliens", "Asszisztens_kliens\Asszisztens_kliens.csproj", "{864DD03E-668F-405B-85AB-B44A40F5C855}"
EndProject
Global
	GlobalSection(SolutionConfigurationPlatforms) = preSolution
		Debug|Any CPU = Debug|Any CPU
		Release|Any CPU = Release|Any CPU
	EndGlobalSection
	GlobalSection(ProjectConfigurationPlatforms) = postSolution
		{C527D141-E9E1-46F5-83DA-A85BBA5BC8EC}.Debug|Any CPU.ActiveCfg = Debug|Any CPU
		{C527D141-E9E1-46F5-83DA-A85BBA5BC8EC}.Debug|Any CPU.Build.0 = Debug|Any CPU
		{C527D141-E9E1-46F5-83DA-A85BBA5BC8EC}.Release|Any CPU.ActiveCfg = Release|Any CPU
		{C527D141-E9E1-46F5-83DA-A85BBA5BC8EC}.Release|Any CPU.Build.0 = Release|Any CPU
		{42164BBD-514E-461D-98AD-3DC8854073D5}.Debug|Any CPU.ActiveCfg = Debug|Any CPU
		{42164BBD-514E-461D-98AD-3DC8854073D5}.Debug|Any CPU.Build.0 = Debug|Any CPU
		{42164BBD-514E-461D-98AD-3DC8854073D5}.Release|Any CPU.ActiveCfg = Release|Any CPU
		{42164BBD-514E-461D-98AD-3DC8854073D5}.Release|Any CPU.Build.0 = Release|Any CPU
		{864DD03E-668F-405B-85AB-B44A40F5C855}.Debug|Any CPU.ActiveCfg = Debug|Any CPU
		{864DD03E-668F-405B-85AB-B44A40F5C855}.Debug|Any CPU.Build.0 = Debug|Any CPU
		{864DD03E-668F-405B-85AB-B44A40F5C855}.Release|Any CPU.ActiveCfg = Release|Any CPU
		{864DD03E-668F-405B-85AB-B44A40F5C855}.Release|Any CPU.Build.0 = Release|Any CPU
	EndGlobalSection
	GlobalSection(SolutionProperties) = preSolution
		HideSolutionNode = FALSE
	EndGlobalSection
	GlobalSection(ExtensibilityGlobals) = postSolution
		SolutionGuid = {DF93D750-D526-43D6-9B74-8DA121E23394}
	EndGlobalSection
EndGlobal
